// !$*UTF8*$!
{
	archiveVersion = 1;
	classes = {
	};
	objectVersion = 50;
	objects = {

/* Begin PBXBuildFile section */
		5F5F2A2325864C1C003FE57F /* AppDelegate.swift in Sources */ = {isa = PBXBuildFile; fileRef = 5F5F2A2225864C1C003FE57F /* AppDelegate.swift */; };
		5F5F2A2525864C1C003FE57F /* SceneDelegate.swift in Sources */ = {isa = PBXBuildFile; fileRef = 5F5F2A2425864C1C003FE57F /* SceneDelegate.swift */; };
		5F5F2A2725864C1C003FE57F /* Animation1ViewController.swift in Sources */ = {isa = PBXBuildFile; fileRef = 5F5F2A2625864C1C003FE57F /* Animation1ViewController.swift */; };
		5F5F2A2A25864C1C003FE57F /* Main.storyboard in Resources */ = {isa = PBXBuildFile; fileRef = 5F5F2A2825864C1C003FE57F /* Main.storyboard */; };
		5F5F2A2C25864C20003FE57F /* Assets.xcassets in Resources */ = {isa = PBXBuildFile; fileRef = 5F5F2A2B25864C20003FE57F /* Assets.xcassets */; };
		5F5F2A2F25864C20003FE57F /* LaunchScreen.storyboard in Resources */ = {isa = PBXBuildFile; fileRef = 5F5F2A2D25864C20003FE57F /* LaunchScreen.storyboard */; };
		5F5F2A62258729AF003FE57F /* Animation2ViewController.swift in Sources */ = {isa = PBXBuildFile; fileRef = 5F5F2A61258729AF003FE57F /* Animation2ViewController.swift */; };
		5F5F2A6A25873F30003FE57F /* HalfModalViewController.swift in Sources */ = {isa = PBXBuildFile; fileRef = 5F5F2A6925873F30003FE57F /* HalfModalViewController.swift */; };
		5F5F2A7225877DD0003FE57F /* BaseViewController.swift in Sources */ = {isa = PBXBuildFile; fileRef = 5F5F2A7125877DD0003FE57F /* BaseViewController.swift */; };
		5F5F2A7825878DDC003FE57F /* Animation1.storyboard in Resources */ = {isa = PBXBuildFile; fileRef = 5F5F2A7725878DDC003FE57F /* Animation1.storyboard */; };
		5F5F2A7E25878E22003FE57F /* Animation2.storyboard in Resources */ = {isa = PBXBuildFile; fileRef = 5F5F2A7D25878E22003FE57F /* Animation2.storyboard */; };
		5F5F2A8725878EAC003FE57F /* Base.storyboard in Resources */ = {isa = PBXBuildFile; fileRef = 5F5F2A8625878EAC003FE57F /* Base.storyboard */; };
		5F5F2A8C25878F01003FE57F /* HalfModal.storyboard in Resources */ = {isa = PBXBuildFile; fileRef = 5F5F2A8B25878F01003FE57F /* HalfModal.storyboard */; };
/* End PBXBuildFile section */

/* Begin PBXContainerItemProxy section */
		5F5F2A3625864C21003FE57F /* PBXContainerItemProxy */ = {
			isa = PBXContainerItemProxy;
			containerPortal = 5F5F2A1725864C1C003FE57F /* Project object */;
			proxyType = 1;
			remoteGlobalIDString = 5F5F2A1E25864C1C003FE57F;
			remoteInfo = Animations;
		};
		5F5F2A4125864C21003FE57F /* PBXContainerItemProxy */ = {
			isa = PBXContainerItemProxy;
			containerPortal = 5F5F2A1725864C1C003FE57F /* Project object */;
			proxyType = 1;
			remoteGlobalIDString = 5F5F2A1E25864C1C003FE57F;
			remoteInfo = Animations;
		};
/* End PBXContainerItemProxy section */

/* Begin PBXFileReference section */
		5F5F2A1F25864C1C003FE57F /* Animations.app */ = {isa = PBXFileReference; explicitFileType = wrapper.application; includeInIndex = 0; path = Animations.app; sourceTree = BUILT_PRODUCTS_DIR; };
		5F5F2A2225864C1C003FE57F /* AppDelegate.swift */ = {isa = PBXFileReference; lastKnownFileType = sourcecode.swift; path = AppDelegate.swift; sourceTree = "<group>"; };
		5F5F2A2425864C1C003FE57F /* SceneDelegate.swift */ = {isa = PBXFileReference; lastKnownFileType = sourcecode.swift; path = SceneDelegate.swift; sourceTree = "<group>"; };
		5F5F2A2625864C1C003FE57F /* Animation1ViewController.swift */ = {isa = PBXFileReference; lastKnownFileType = sourcecode.swift; path = Animation1ViewController.swift; sourceTree = "<group>"; };
		5F5F2A2925864C1C003FE57F /* Base */ = {isa = PBXFileReference; lastKnownFileType = file.storyboard; name = Base; path = Base.lproj/Main.storyboard; sourceTree = "<group>"; };
		5F5F2A2B25864C20003FE57F /* Assets.xcassets */ = {isa = PBXFileReference; lastKnownFileType = folder.assetcatalog; path = Assets.xcassets; sourceTree = "<group>"; };
		5F5F2A2E25864C20003FE57F /* Base */ = {isa = PBXFileReference; lastKnownFileType = file.storyboard; name = Base; path = Base.lproj/LaunchScreen.storyboard; sourceTree = "<group>"; };
		5F5F2A3025864C20003FE57F /* Info.plist */ = {isa = PBXFileReference; lastKnownFileType = text.plist.xml; path = Info.plist; sourceTree = "<group>"; };
		5F5F2A3525864C21003FE57F /* AnimationsTests.xctest */ = {isa = PBXFileReference; explicitFileType = wrapper.cfbundle; includeInIndex = 0; path = AnimationsTests.xctest; sourceTree = BUILT_PRODUCTS_DIR; };
		5F5F2A4025864C21003FE57F /* AnimationsUITests.xctest */ = {isa = PBXFileReference; explicitFileType = wrapper.cfbundle; includeInIndex = 0; path = AnimationsUITests.xctest; sourceTree = BUILT_PRODUCTS_DIR; };
		5F5F2A61258729AF003FE57F /* Animation2ViewController.swift */ = {isa = PBXFileReference; lastKnownFileType = sourcecode.swift; path = Animation2ViewController.swift; sourceTree = "<group>"; };
		5F5F2A6925873F30003FE57F /* HalfModalViewController.swift */ = {isa = PBXFileReference; lastKnownFileType = sourcecode.swift; path = HalfModalViewController.swift; sourceTree = "<group>"; };
		5F5F2A7125877DD0003FE57F /* BaseViewController.swift */ = {isa = PBXFileReference; lastKnownFileType = sourcecode.swift; path = BaseViewController.swift; sourceTree = "<group>"; };
		5F5F2A7725878DDC003FE57F /* Animation1.storyboard */ = {isa = PBXFileReference; lastKnownFileType = file.storyboard; path = Animation1.storyboard; sourceTree = "<group>"; };
		5F5F2A7D25878E22003FE57F /* Animation2.storyboard */ = {isa = PBXFileReference; lastKnownFileType = file.storyboard; path = Animation2.storyboard; sourceTree = "<group>"; };
		5F5F2A8625878EAC003FE57F /* Base.storyboard */ = {isa = PBXFileReference; lastKnownFileType = file.storyboard; path = Base.storyboard; sourceTree = "<group>"; };
		5F5F2A8B25878F01003FE57F /* HalfModal.storyboard */ = {isa = PBXFileReference; lastKnownFileType = file.storyboard; path = HalfModal.storyboard; sourceTree = "<group>"; };
/* End PBXFileReference section */

/* Begin PBXFrameworksBuildPhase section */
		5F5F2A1C25864C1C003FE57F /* Frameworks */ = {
			isa = PBXFrameworksBuildPhase;
			buildActionMask = 2147483647;
			files = (
			);
			runOnlyForDeploymentPostprocessing = 0;
		};
		5F5F2A3225864C21003FE57F /* Frameworks */ = {
			isa = PBXFrameworksBuildPhase;
			buildActionMask = 2147483647;
			files = (
			);
			runOnlyForDeploymentPostprocessing = 0;
		};
		5F5F2A3D25864C21003FE57F /* Frameworks */ = {
			isa = PBXFrameworksBuildPhase;
			buildActionMask = 2147483647;
			files = (
			);
			runOnlyForDeploymentPostprocessing = 0;
		};
/* End PBXFrameworksBuildPhase section */

/* Begin PBXGroup section */
		5F5F2A1625864C1C003FE57F = {
			isa = PBXGroup;
			children = (
				5F5F2A2125864C1C003FE57F /* Animations */,
				5F5F2A2025864C1C003FE57F /* Products */,
			);
			sourceTree = "<group>";
		};
		5F5F2A2025864C1C003FE57F /* Products */ = {
			isa = PBXGroup;
			children = (
				5F5F2A1F25864C1C003FE57F /* Animations.app */,
				5F5F2A3525864C21003FE57F /* AnimationsTests.xctest */,
				5F5F2A4025864C21003FE57F /* AnimationsUITests.xctest */,
			);
			name = Products;
			sourceTree = "<group>";
		};
		5F5F2A2125864C1C003FE57F /* Animations */ = {
			isa = PBXGroup;
			children = (
				5F5F2A7625878DB4003FE57F /* Animation1 */,
				5F5F2A7C25878E06003FE57F /* Animation2 */,
				5F5F2A8225878E90003FE57F /* HalfModal */,
				5F5F2A2225864C1C003FE57F /* AppDelegate.swift */,
				5F5F2A2425864C1C003FE57F /* SceneDelegate.swift */,
				5F5F2A2825864C1C003FE57F /* Main.storyboard */,
				5F5F2A2B25864C20003FE57F /* Assets.xcassets */,
				5F5F2A2D25864C20003FE57F /* LaunchScreen.storyboard */,
				5F5F2A3025864C20003FE57F /* Info.plist */,
			);
			path = Animations;
			sourceTree = "<group>";
		};
		5F5F2A7625878DB4003FE57F /* Animation1 */ = {
			isa = PBXGroup;
			children = (
				5F5F2A2625864C1C003FE57F /* Animation1ViewController.swift */,
				5F5F2A7725878DDC003FE57F /* Animation1.storyboard */,
			);
			path = Animation1;
			sourceTree = "<group>";
		};
		5F5F2A7C25878E06003FE57F /* Animation2 */ = {
			isa = PBXGroup;
			children = (
				5F5F2A61258729AF003FE57F /* Animation2ViewController.swift */,
				5F5F2A7D25878E22003FE57F /* Animation2.storyboard */,
			);
			path = Animation2;
			sourceTree = "<group>";
		};
		5F5F2A8225878E90003FE57F /* HalfModal */ = {
			isa = PBXGroup;
			children = (
				5F5F2A9025879434003FE57F /* Base */,
				5F5F2A9125879442003FE57F /* HalfModal */,
			);
			path = HalfModal;
			sourceTree = "<group>";
		};
		5F5F2A9025879434003FE57F /* Base */ = {
			isa = PBXGroup;
			children = (
				5F5F2A7125877DD0003FE57F /* BaseViewController.swift */,
				5F5F2A8625878EAC003FE57F /* Base.storyboard */,
			);
			path = Base;
			sourceTree = "<group>";
		};
		5F5F2A9125879442003FE57F /* HalfModal */ = {
			isa = PBXGroup;
			children = (
				5F5F2A6925873F30003FE57F /* HalfModalViewController.swift */,
				5F5F2A8B25878F01003FE57F /* HalfModal.storyboard */,
			);
			path = HalfModal;
			sourceTree = "<group>";
		};
/* End PBXGroup section */

/* Begin PBXNativeTarget section */
		5F5F2A1E25864C1C003FE57F /* Animations */ = {
			isa = PBXNativeTarget;
			buildConfigurationList = 5F5F2A4925864C21003FE57F /* Build configuration list for PBXNativeTarget "Animations" */;
			buildPhases = (
				5F5F2A1B25864C1C003FE57F /* Sources */,
				5F5F2A1C25864C1C003FE57F /* Frameworks */,
				5F5F2A1D25864C1C003FE57F /* Resources */,
			);
			buildRules = (
			);
			dependencies = (
			);
			name = Animations;
			productName = Animations;
			productReference = 5F5F2A1F25864C1C003FE57F /* Animations.app */;
			productType = "com.apple.product-type.application";
		};
		5F5F2A3425864C21003FE57F /* AnimationsTests */ = {
			isa = PBXNativeTarget;
			buildConfigurationList = 5F5F2A4C25864C21003FE57F /* Build configuration list for PBXNativeTarget "AnimationsTests" */;
			buildPhases = (
				5F5F2A3125864C21003FE57F /* Sources */,
				5F5F2A3225864C21003FE57F /* Frameworks */,
				5F5F2A3325864C21003FE57F /* Resources */,
			);
			buildRules = (
			);
			dependencies = (
				5F5F2A3725864C21003FE57F /* PBXTargetDependency */,
			);
			name = AnimationsTests;
			productName = AnimationsTests;
			productReference = 5F5F2A3525864C21003FE57F /* AnimationsTests.xctest */;
			productType = "com.apple.product-type.bundle.unit-test";
		};
		5F5F2A3F25864C21003FE57F /* AnimationsUITests */ = {
			isa = PBXNativeTarget;
			buildConfigurationList = 5F5F2A4F25864C21003FE57F /* Build configuration list for PBXNativeTarget "AnimationsUITests" */;
			buildPhases = (
				5F5F2A3C25864C21003FE57F /* Sources */,
				5F5F2A3D25864C21003FE57F /* Frameworks */,
				5F5F2A3E25864C21003FE57F /* Resources */,
			);
			buildRules = (
			);
			dependencies = (
				5F5F2A4225864C21003FE57F /* PBXTargetDependency */,
			);
			name = AnimationsUITests;
			productName = AnimationsUITests;
			productReference = 5F5F2A4025864C21003FE57F /* AnimationsUITests.xctest */;
			productType = "com.apple.product-type.bundle.ui-testing";
		};
/* End PBXNativeTarget section */

/* Begin PBXProject section */
		5F5F2A1725864C1C003FE57F /* Project object */ = {
			isa = PBXProject;
			attributes = {
				LastSwiftUpdateCheck = 1220;
				LastUpgradeCheck = 1220;
				TargetAttributes = {
					5F5F2A1E25864C1C003FE57F = {
						CreatedOnToolsVersion = 12.2;
					};
					5F5F2A3425864C21003FE57F = {
						CreatedOnToolsVersion = 12.2;
						TestTargetID = 5F5F2A1E25864C1C003FE57F;
					};
					5F5F2A3F25864C21003FE57F = {
						CreatedOnToolsVersion = 12.2;
						TestTargetID = 5F5F2A1E25864C1C003FE57F;
					};
				};
			};
			buildConfigurationList = 5F5F2A1A25864C1C003FE57F /* Build configuration list for PBXProject "Animations" */;
			compatibilityVersion = "Xcode 9.3";
			developmentRegion = en;
			hasScannedForEncodings = 0;
			knownRegions = (
				en,
				Base,
			);
			mainGroup = 5F5F2A1625864C1C003FE57F;
			productRefGroup = 5F5F2A2025864C1C003FE57F /* Products */;
			projectDirPath = "";
			projectRoot = "";
			targets = (
				5F5F2A1E25864C1C003FE57F /* Animations */,
				5F5F2A3425864C21003FE57F /* AnimationsTests */,
				5F5F2A3F25864C21003FE57F /* AnimationsUITests */,
			);
		};
/* End PBXProject section */

/* Begin PBXResourcesBuildPhase section */
		5F5F2A1D25864C1C003FE57F /* Resources */ = {
			isa = PBXResourcesBuildPhase;
			buildActionMask = 2147483647;
			files = (
				5F5F2A7E25878E22003FE57F /* Animation2.storyboard in Resources */,
				5F5F2A8725878EAC003FE57F /* Base.storyboard in Resources */,
				5F5F2A2F25864C20003FE57F /* LaunchScreen.storyboard in Resources */,
				5F5F2A7825878DDC003FE57F /* Animation1.storyboard in Resources */,
				5F5F2A2C25864C20003FE57F /* Assets.xcassets in Resources */,
				5F5F2A8C25878F01003FE57F /* HalfModal.storyboard in Resources */,
				5F5F2A2A25864C1C003FE57F /* Main.storyboard in Resources */,
			);
			runOnlyForDeploymentPostprocessing = 0;
		};
		5F5F2A3325864C21003FE57F /* Resources */ = {
			isa = PBXResourcesBuildPhase;
			buildActionMask = 2147483647;
			files = (
			);
			runOnlyForDeploymentPostprocessing = 0;
		};
		5F5F2A3E25864C21003FE57F /* Resources */ = {
			isa = PBXResourcesBuildPhase;
			buildActionMask = 2147483647;
			files = (
			);
			runOnlyForDeploymentPostprocessing = 0;
		};
/* End PBXResourcesBuildPhase section */

/* Begin PBXSourcesBuildPhase section */
		5F5F2A1B25864C1C003FE57F /* Sources */ = {
			isa = PBXSourcesBuildPhase;
			buildActionMask = 2147483647;
			files = (
				5F5F2A6A25873F30003FE57F /* HalfModalViewController.swift in Sources */,
				5F5F2A2725864C1C003FE57F /* Animation1ViewController.swift in Sources */,
				5F5F2A2325864C1C003FE57F /* AppDelegate.swift in Sources */,
				5F5F2A62258729AF003FE57F /* Animation2ViewController.swift in Sources */,
				5F5F2A2525864C1C003FE57F /* SceneDelegate.swift in Sources */,
				5F5F2A7225877DD0003FE57F /* BaseViewController.swift in Sources */,
			);
			runOnlyForDeploymentPostprocessing = 0;
		};
		5F5F2A3125864C21003FE57F /* Sources */ = {
			isa = PBXSourcesBuildPhase;
			buildActionMask = 2147483647;
			files = (
			);
			runOnlyForDeploymentPostprocessing = 0;
		};
		5F5F2A3C25864C21003FE57F /* Sources */ = {
			isa = PBXSourcesBuildPhase;
			buildActionMask = 2147483647;
			files = (
			);
			runOnlyForDeploymentPostprocessing = 0;
		};
/* End PBXSourcesBuildPhase section */

/* Begin PBXTargetDependency section */
		5F5F2A3725864C21003FE57F /* PBXTargetDependency */ = {
			isa = PBXTargetDependency;
			target = 5F5F2A1E25864C1C003FE57F /* Animations */;
			targetProxy = 5F5F2A3625864C21003FE57F /* PBXContainerItemProxy */;
		};
		5F5F2A4225864C21003FE57F /* PBXTargetDependency */ = {
			isa = PBXTargetDependency;
			target = 5F5F2A1E25864C1C003FE57F /* Animations */;
			targetProxy = 5F5F2A4125864C21003FE57F /* PBXContainerItemProxy */;
		};
/* End PBXTargetDependency section */

/* Begin PBXVariantGroup section */
		5F5F2A2825864C1C003FE57F /* Main.storyboard */ = {
			isa = PBXVariantGroup;
			children = (
				5F5F2A2925864C1C003FE57F /* Base */,
			);
			name = Main.storyboard;
			sourceTree = "<group>";
		};
		5F5F2A2D25864C20003FE57F /* LaunchScreen.storyboard */ = {
			isa = PBXVariantGroup;
			children = (
				5F5F2A2E25864C20003FE57F /* Base */,
			);
			name = LaunchScreen.storyboard;
			sourceTree = "<group>";
		};
/* End PBXVariantGroup section */

/* Begin XCBuildConfiguration section */
		5F5F2A4725864C21003FE57F /* Debug */ = {
			isa = XCBuildConfiguration;
			buildSettings = {
				ALWAYS_SEARCH_USER_PATHS = NO;
				CLANG_ANALYZER_NONNULL = YES;
				CLANG_ANALYZER_NUMBER_OBJECT_CONVERSION = YES_AGGRESSIVE;
				CLANG_CXX_LANGUAGE_STANDARD = "gnu++14";
				CLANG_CXX_LIBRARY = "libc++";
				CLANG_ENABLE_MODULES = YES;
				CLANG_ENABLE_OBJC_ARC = YES;
				CLANG_ENABLE_OBJC_WEAK = YES;
				CLANG_WARN_BLOCK_CAPTURE_AUTORELEASING = YES;
				CLANG_WARN_BOOL_CONVERSION = YES;
				CLANG_WARN_COMMA = YES;
				CLANG_WARN_CONSTANT_CONVERSION = YES;
				CLANG_WARN_DEPRECATED_OBJC_IMPLEMENTATIONS = YES;
				CLANG_WARN_DIRECT_OBJC_ISA_USAGE = YES_ERROR;
				CLANG_WARN_DOCUMENTATION_COMMENTS = YES;
				CLANG_WARN_EMPTY_BODY = YES;
				CLANG_WARN_ENUM_CONVERSION = YES;
				CLANG_WARN_INFINITE_RECURSION = YES;
				CLANG_WARN_INT_CONVERSION = YES;
				CLANG_WARN_NON_LITERAL_NULL_CONVERSION = YES;
				CLANG_WARN_OBJC_IMPLICIT_RETAIN_SELF = YES;
				CLANG_WARN_OBJC_LITERAL_CONVERSION = YES;
				CLANG_WARN_OBJC_ROOT_CLASS = YES_ERROR;
				CLANG_WARN_QUOTED_INCLUDE_IN_FRAMEWORK_HEADER = YES;
				CLANG_WARN_RANGE_LOOP_ANALYSIS = YES;
				CLANG_WARN_STRICT_PROTOTYPES = YES;
				CLANG_WARN_SUSPICIOUS_MOVE = YES;
				CLANG_WARN_UNGUARDED_AVAILABILITY = YES_AGGRESSIVE;
				CLANG_WARN_UNREACHABLE_CODE = YES;
				CLANG_WARN__DUPLICATE_METHOD_MATCH = YES;
				COPY_PHASE_STRIP = NO;
				DEBUG_INFORMATION_FORMAT = dwarf;
				ENABLE_STRICT_OBJC_MSGSEND = YES;
				ENABLE_TESTABILITY = YES;
				GCC_C_LANGUAGE_STANDARD = gnu11;
				GCC_DYNAMIC_NO_PIC = NO;
				GCC_NO_COMMON_BLOCKS = YES;
				GCC_OPTIMIZATION_LEVEL = 0;
				GCC_PREPROCESSOR_DEFINITIONS = (
					"DEBUG=1",
					"$(inherited)",
				);
				GCC_WARN_64_TO_32_BIT_CONVERSION = YES;
				GCC_WARN_ABOUT_RETURN_TYPE = YES_ERROR;
				GCC_WARN_UNDECLARED_SELECTOR = YES;
				GCC_WARN_UNINITIALIZED_AUTOS = YES_AGGRESSIVE;
				GCC_WARN_UNUSED_FUNCTION = YES;
				GCC_WARN_UNUSED_VARIABLE = YES;
				IPHONEOS_DEPLOYMENT_TARGET = 14.2;
				MTL_ENABLE_DEBUG_INFO = INCLUDE_SOURCE;
				MTL_FAST_MATH = YES;
				ONLY_ACTIVE_ARCH = YES;
				SDKROOT = iphoneos;
				SWIFT_ACTIVE_COMPILATION_CONDITIONS = DEBUG;
				SWIFT_OPTIMIZATION_LEVEL = "-Onone";
			};
			name = Debug;
		};
		5F5F2A4825864C21003FE57F /* Release */ = {
			isa = XCBuildConfiguration;
			buildSettings = {
				ALWAYS_SEARCH_USER_PATHS = NO;
				CLANG_ANALYZER_NONNULL = YES;
				CLANG_ANALYZER_NUMBER_OBJECT_CONVERSION = YES_AGGRESSIVE;
				CLANG_CXX_LANGUAGE_STANDARD = "gnu++14";
				CLANG_CXX_LIBRARY = "libc++";
				CLANG_ENABLE_MODULES = YES;
				CLANG_ENABLE_OBJC_ARC = YES;
				CLANG_ENABLE_OBJC_WEAK = YES;
				CLANG_WARN_BLOCK_CAPTURE_AUTORELEASING = YES;
				CLANG_WARN_BOOL_CONVERSION = YES;
				CLANG_WARN_COMMA = YES;
				CLANG_WARN_CONSTANT_CONVERSION = YES;
				CLANG_WARN_DEPRECATED_OBJC_IMPLEMENTATIONS = YES;
				CLANG_WARN_DIRECT_OBJC_ISA_USAGE = YES_ERROR;
				CLANG_WARN_DOCUMENTATION_COMMENTS = YES;
				CLANG_WARN_EMPTY_BODY = YES;
				CLANG_WARN_ENUM_CONVERSION = YES;
				CLANG_WARN_INFINITE_RECURSION = YES;
				CLANG_WARN_INT_CONVERSION = YES;
				CLANG_WARN_NON_LITERAL_NULL_CONVERSION = YES;
				CLANG_WARN_OBJC_IMPLICIT_RETAIN_SELF = YES;
				CLANG_WARN_OBJC_LITERAL_CONVERSION = YES;
				CLANG_WARN_OBJC_ROOT_CLASS = YES_ERROR;
				CLANG_WARN_QUOTED_INCLUDE_IN_FRAMEWORK_HEADER = YES;
				CLANG_WARN_RANGE_LOOP_ANALYSIS = YES;
				CLANG_WARN_STRICT_PROTOTYPES = YES;
				CLANG_WARN_SUSPICIOUS_MOVE = YES;
				CLANG_WARN_UNGUARDED_AVAILABILITY = YES_AGGRESSIVE;
				CLANG_WARN_UNREACHABLE_CODE = YES;
				CLANG_WARN__DUPLICATE_METHOD_MATCH = YES;
				COPY_PHASE_STRIP = NO;
				DEBUG_INFORMATION_FORMAT = "dwarf-with-dsym";
				ENABLE_NS_ASSERTIONS = NO;
				ENABLE_STRICT_OBJC_MSGSEND = YES;
				GCC_C_LANGUAGE_STANDARD = gnu11;
				GCC_NO_COMMON_BLOCKS = YES;
				GCC_WARN_64_TO_32_BIT_CONVERSION = YES;
				GCC_WARN_ABOUT_RETURN_TYPE = YES_ERROR;
				GCC_WARN_UNDECLARED_SELECTOR = YES;
				GCC_WARN_UNINITIALIZED_AUTOS = YES_AGGRESSIVE;
				GCC_WARN_UNUSED_FUNCTION = YES;
				GCC_WARN_UNUSED_VARIABLE = YES;
				IPHONEOS_DEPLOYMENT_TARGET = 14.2;
				MTL_ENABLE_DEBUG_INFO = NO;
				MTL_FAST_MATH = YES;
				SDKROOT = iphoneos;
				SWIFT_COMPILATION_MODE = wholemodule;
				SWIFT_OPTIMIZATION_LEVEL = "-O";
				VALIDATE_PRODUCT = YES;
			};
			name = Release;
		};
		5F5F2A4A25864C21003FE57F /* Debug */ = {
			isa = XCBuildConfiguration;
			buildSettings = {
				ASSETCATALOG_COMPILER_APPICON_NAME = AppIcon;
				ASSETCATALOG_COMPILER_GLOBAL_ACCENT_COLOR_NAME = AccentColor;
				CODE_SIGN_STYLE = Automatic;
				DEVELOPMENT_TEAM = 65Z4MKYS28;
				INFOPLIST_FILE = Animations/Info.plist;
				LD_RUNPATH_SEARCH_PATHS = (
					"$(inherited)",
					"@executable_path/Frameworks",
				);
				PRODUCT_BUNDLE_IDENTIFIER = com.Nonoka.Animations;
				PRODUCT_NAME = "$(TARGET_NAME)";
				SWIFT_VERSION = 5.0;
				TARGETED_DEVICE_FAMILY = "1,2";
			};
			name = Debug;
		};
		5F5F2A4B25864C21003FE57F /* Release */ = {
			isa = XCBuildConfiguration;
			buildSettings = {
				ASSETCATALOG_COMPILER_APPICON_NAME = AppIcon;
				ASSETCATALOG_COMPILER_GLOBAL_ACCENT_COLOR_NAME = AccentColor;
				CODE_SIGN_STYLE = Automatic;
				DEVELOPMENT_TEAM = 65Z4MKYS28;
				INFOPLIST_FILE = Animations/Info.plist;
				LD_RUNPATH_SEARCH_PATHS = (
					"$(inherited)",
					"@executable_path/Frameworks",
				);
				PRODUCT_BUNDLE_IDENTIFIER = com.Nonoka.Animations;
				PRODUCT_NAME = "$(TARGET_NAME)";
				SWIFT_VERSION = 5.0;
				TARGETED_DEVICE_FAMILY = "1,2";
			};
			name = Release;
		};
		5F5F2A4D25864C21003FE57F /* Debug */ = {
			isa = XCBuildConfiguration;
			buildSettings = {
				ALWAYS_EMBED_SWIFT_STANDARD_LIBRARIES = YES;
				BUNDLE_LOADER = "$(TEST_HOST)";
				CODE_SIGN_STYLE = Automatic;
				DEVELOPMENT_TEAM = 65Z4MKYS28;
				INFOPLIST_FILE = AnimationsTests/Info.plist;
				IPHONEOS_DEPLOYMENT_TARGET = 14.2;
				LD_RUNPATH_SEARCH_PATHS = (
					"$(inherited)",
					"@executable_path/Frameworks",
					"@loader_path/Frameworks",
				);
				PRODUCT_BUNDLE_IDENTIFIER = com.Nonoka.AnimationsTests;
				PRODUCT_NAME = "$(TARGET_NAME)";
				SWIFT_VERSION = 5.0;
				TARGETED_DEVICE_FAMILY = "1,2";
				TEST_HOST = "$(BUILT_PRODUCTS_DIR)/Animations.app/Animations";
			};
			name = Debug;
		};
		5F5F2A4E25864C21003FE57F /* Release */ = {
			isa = XCBuildConfiguration;
			buildSettings = {
				ALWAYS_EMBED_SWIFT_STANDARD_LIBRARIES = YES;
				BUNDLE_LOADER = "$(TEST_HOST)";
				CODE_SIGN_STYLE = Automatic;
				DEVELOPMENT_TEAM = 65Z4MKYS28;
				INFOPLIST_FILE = AnimationsTests/Info.plist;
				IPHONEOS_DEPLOYMENT_TARGET = 14.2;
				LD_RUNPATH_SEARCH_PATHS = (
					"$(inherited)",
					"@executable_path/Frameworks",
					"@loader_path/Frameworks",
				);
				PRODUCT_BUNDLE_IDENTIFIER = com.Nonoka.AnimationsTests;
				PRODUCT_NAME = "$(TARGET_NAME)";
				SWIFT_VERSION = 5.0;
				TARGETED_DEVICE_FAMILY = "1,2";
				TEST_HOST = "$(BUILT_PRODUCTS_DIR)/Animations.app/Animations";
			};
			name = Release;
		};
		5F5F2A5025864C21003FE57F /* Debug */ = {
			isa = XCBuildConfiguration;
			buildSettings = {
				ALWAYS_EMBED_SWIFT_STANDARD_LIBRARIES = YES;
				CODE_SIGN_STYLE = Automatic;
				DEVELOPMENT_TEAM = 65Z4MKYS28;
				INFOPLIST_FILE = AnimationsUITests/Info.plist;
				LD_RUNPATH_SEARCH_PATHS = (
					"$(inherited)",
					"@executable_path/Frameworks",
					"@loader_path/Frameworks",
				);
				PRODUCT_BUNDLE_IDENTIFIER = com.Nonoka.AnimationsUITests;
				PRODUCT_NAME = "$(TARGET_NAME)";
				SWIFT_VERSION = 5.0;
				TARGETED_DEVICE_FAMILY = "1,2";
				TEST_TARGET_NAME = Animations;
			};
			name = Debug;
		};
		5F5F2A5125864C21003FE57F /* Release */ = {
			isa = XCBuildConfiguration;
			buildSettings = {
				ALWAYS_EMBED_SWIFT_STANDARD_LIBRARIES = YES;
				CODE_SIGN_STYLE = Automatic;
				DEVELOPMENT_TEAM = 65Z4MKYS28;
				INFOPLIST_FILE = AnimationsUITests/Info.plist;
				LD_RUNPATH_SEARCH_PATHS = (
					"$(inherited)",
					"@executable_path/Frameworks",
					"@loader_path/Frameworks",
				);
				PRODUCT_BUNDLE_IDENTIFIER = com.Nonoka.AnimationsUITests;
				PRODUCT_NAME = "$(TARGET_NAME)";
				SWIFT_VERSION = 5.0;
				TARGETED_DEVICE_FAMILY = "1,2";
				TEST_TARGET_NAME = Animations;
			};
			name = Release;
		};
/* End XCBuildConfiguration section */

/* Begin XCConfigurationList section */
		5F5F2A1A25864C1C003FE57F /* Build configuration list for PBXProject "Animations" */ = {
			isa = XCConfigurationList;
			buildConfigurations = (
				5F5F2A4725864C21003FE57F /* Debug */,
				5F5F2A4825864C21003FE57F /* Release */,
			);
			defaultConfigurationIsVisible = 0;
			defaultConfigurationName = Release;
		};
		5F5F2A4925864C21003FE57F /* Build configuration list for PBXNativeTarget "Animations" */ = {
			isa = XCConfigurationList;
			buildConfigurations = (
				5F5F2A4A25864C21003FE57F /* Debug */,
				5F5F2A4B25864C21003FE57F /* Release */,
			);
			defaultConfigurationIsVisible = 0;
			defaultConfigurationName = Release;
		};
		5F5F2A4C25864C21003FE57F /* Build configuration list for PBXNativeTarget "AnimationsTests" */ = {
			isa = XCConfigurationList;
			buildConfigurations = (
				5F5F2A4D25864C21003FE57F /* Debug */,
				5F5F2A4E25864C21003FE57F /* Release */,
			);
			defaultConfigurationIsVisible = 0;
			defaultConfigurationName = Release;
		};
		5F5F2A4F25864C21003FE57F /* Build configuration list for PBXNativeTarget "AnimationsUITests" */ = {
			isa = XCConfigurationList;
			buildConfigurations = (
				5F5F2A5025864C21003FE57F /* Debug */,
				5F5F2A5125864C21003FE57F /* Release */,
			);
			defaultConfigurationIsVisible = 0;
			defaultConfigurationName = Release;
		};
/* End XCConfigurationList section */
	};
	rootObject = 5F5F2A1725864C1C003FE57F /* Project object */;
}
